
Microsoft Visual Studio Solution File, Format Version 12.00
# Visual Studio 14
VisualStudioVersion = 14.0.25420.1
MinimumVisualStudioVersion = 10.0.40219.1
Project("{2150E333-8FDC-42A3-9474-1A3956D46DE8}") = "iRadiate.Common", "iRadiate.Common", "{D4263D47-4DA6-459A-95C9-7DFE07AD1767}"
EndProject
Project("{2150E333-8FDC-42A3-9474-1A3956D46DE8}") = "iRadiate.DataModel", "iRadiate.DataModel", "{7956F0CB-3CBB-440D-BF6D-B51241F5FCFC}"
EndProject
Project("{FAE04EC0-301F-11D3-BF4B-00C04F79EFBC}") = "iRadiate.DataModel", "iRadiate.DataMode.Common\iRadiate.DataModel.csproj", "{FC11D2B2-F184-45B7-A1AA-8D9B342FB0C5}"
EndProject
Project("{2150E333-8FDC-42A3-9474-1A3956D46DE8}") = "iRadiate.Desktop", "iRadiate.Desktop", "{6F4DFE74-3279-48D5-932F-1C45838FF6D1}"
EndProject
Project("{2150E333-8FDC-42A3-9474-1A3956D46DE8}") = "iRadiate.Whiteboard", "iRadiate.Whiteboard", "{7D3290FB-B573-461B-B993-C9EDD9A61040}"
EndProject
Project("{2150E333-8FDC-42A3-9474-1A3956D46DE8}") = "iRadiate.Diary", "iRadiate.Diary", "{4D9025D1-B086-4B02-A6E3-D6A0C2DE8820}"
EndProject
Project("{2150E333-8FDC-42A3-9474-1A3956D46DE8}") = "iRadiate.QA", "iRadiate.QA", "{F17B6883-0ADE-41B0-B38A-C01B6CAABC2A}"
EndProject
Project("{FAE04EC0-301F-11D3-BF4B-00C04F79EFBC}") = "iRadiate.Desktop.Common", "iRadiate.Desktop.Common\iRadiate.Desktop.Common.csproj", "{B23AD54E-C033-467D-AA83-C2EE3E95E3D7}"
EndProject
Project("{FAE04EC0-301F-11D3-BF4B-00C04F79EFBC}") = "iRadiate.Desktop.Test", "iRadiate.Desktop.Test\iRadiate.Desktop.Test.csproj", "{0F5AC44A-DF55-4717-8764-49FEDFD0A78B}"
EndProject
Project("{2150E333-8FDC-42A3-9474-1A3956D46DE8}") = "iRadiate.Settings", "iRadiate.Settings", "{2951F41A-0D2A-4AA2-803B-90C3F52C2CC1}"
EndProject
Project("{FAE04EC0-301F-11D3-BF4B-00C04F79EFBC}") = "iRadiate.Settings.Common", "iRadiate.Settings.Common\iRadiate.Settings.Common.csproj", "{38BEC646-4C40-42AC-9CEE-13CD5DFFC1DF}"
EndProject
Project("{2150E333-8FDC-42A3-9474-1A3956D46DE8}") = "iRadiate.Scanbag", "iRadiate.Scanbag", "{AB59D820-5948-408E-AC6F-F4722E89FBC2}"
EndProject
Project("{FAE04EC0-301F-11D3-BF4B-00C04F79EFBC}") = "iRadiate.Whiteboard.Common", "iRadiate.Whiteboard.Common\iRadiate.Whiteboard.Common.csproj", "{3F252735-A863-4E7A-A6BF-E86550B91445}"
EndProject
Project("{FAE04EC0-301F-11D3-BF4B-00C04F79EFBC}") = "iRadiate.Common", "iRadiate.Common\iRadiate.Common.csproj", "{D6F76968-6939-4D1A-8DDC-887290C750BC}"
EndProject
Project("{FAE04EC0-301F-11D3-BF4B-00C04F79EFBC}") = "iRadiate.Diary.Common", "iRadiate.Diary.Common\iRadiate.Diary.Common.csproj", "{04F9C57E-7FA5-4B5E-9A46-76CE9CCB77A7}"
EndProject
Project("{2150E333-8FDC-42A3-9474-1A3956D46DE8}") = "iRadiate.Interfaces", "iRadiate.Interfaces", "{DB34FCF0-1676-4A11-A6D0-1BC360C8FF5E}"
EndProject
Project("{FAE04EC0-301F-11D3-BF4B-00C04F79EFBC}") = "iRadiate.Interfaces.Launcher", "iRadiate.Interfaces.Test\iRadiate.Interfaces.Launcher.csproj", "{E35C5B59-5F30-4A62-B6C6-E9A2985AFF6E}"
EndProject
Project("{FAE04EC0-301F-11D3-BF4B-00C04F79EFBC}") = "iRadiate.Scanbag.Common", "iRadiate.Scanbag.Common\iRadiate.Scanbag.Common.csproj", "{BB08240A-BB74-45FA-9E0A-95A6E88DD0B9}"
EndProject
Project("{FAE04EC0-301F-11D3-BF4B-00C04F79EFBC}") = "iRadiate.DataModel.Test", "iRadiate.DataModel.Test\iRadiate.DataModel.Test.csproj", "{FF9E2B35-FA68-4B7F-97BA-A3BBF59BBBBF}"
EndProject
Project("{2150E333-8FDC-42A3-9474-1A3956D46DE8}") = "iRadiate.Radiopharmacy", "iRadiate.Radiopharmacy", "{76E9F3FB-8B03-4A54-A9C4-66A8C3AA087F}"
EndProject
Project("{FAE04EC0-301F-11D3-BF4B-00C04F79EFBC}") = "iRadiate.Radiopharmacy", "iRadiate.Radiopharmacy\iRadiate.Radiopharmacy.csproj", "{3490096F-B875-4706-8252-C8F2CE562CCB}"
EndProject
Project("{FAE04EC0-301F-11D3-BF4B-00C04F79EFBC}") = "iRadiate.Interfaces.Capintec", "iRadiate.Interfaces.Capintec\iRadiate.Interfaces.Capintec.csproj", "{77D26B8B-ED5B-49E8-8EB4-D0ED6960F47A}"
EndProject
Project("{FAE04EC0-301F-11D3-BF4B-00C04F79EFBC}") = "iRadiate", "iRadiate.Startup\iRadiate.csproj", "{873B6A16-5A02-4B49-8648-65E4DF86E177}"
EndProject
Project("{FAE04EC0-301F-11D3-BF4B-00C04F79EFBC}") = "iRadiate.Interfaces.CentricityInterface", "CentricityInterface\iRadiate.Interfaces.CentricityInterface.csproj", "{3E34A042-4455-4C08-9008-AB6E35E75AC7}"
EndProject
Project("{FAE04EC0-301F-11D3-BF4B-00C04F79EFBC}") = "iRadiate.Interfaces.DICOM", "iRadiate.Interfaces.DICOM\iRadiate.Interfaces.DICOM.csproj", "{C737C979-BA05-4EE7-B96B-0C1CC1A84551}"
EndProject
Project("{FAE04EC0-301F-11D3-BF4B-00C04F79EFBC}") = "DicomTest", "DicomTest\DicomTest.csproj", "{7F911AE5-B4F7-4997-8952-8F1EC0CD7956}"
EndProject
Project("{FAE04EC0-301F-11D3-BF4B-00C04F79EFBC}") = "iRadiate.Common.Text", "iRadiate.Common.Text\iRadiate.Common.Text.csproj", "{AD1660E2-E431-4FF4-B59E-02EBB34DDFC5}"
EndProject
Project("{FAE04EC0-301F-11D3-BF4B-00C04F79EFBC}") = "CentricityQuery", "CentricityQuery\CentricityQuery.csproj", "{E2DE5FA1-1883-474F-8D11-BCAE98BE5CDF}"
EndProject
Project("{FAE04EC0-301F-11D3-BF4B-00C04F79EFBC}") = "iRadiate.QA", "iRadiate.QA\iRadiate.QA.csproj", "{4090FA83-1AFD-42D0-A4CB-BF7861D846E0}"
EndProject
Project("{FAE04EC0-301F-11D3-BF4B-00C04F79EFBC}") = "Reporting", "iRadiate.Reporting\Reporting.csproj", "{2382EA97-3681-4AB2-88DE-25A1E5B69B4D}"
EndProject
Project("{FAE04EC0-301F-11D3-BF4B-00C04F79EFBC}") = "Server", "Server\Server.csproj", "{6D236BBD-0FF7-46F6-8284-DDA41C3EB2BD}"
EndProject
Global
	GlobalSection(SolutionConfigurationPlatforms) = preSolution
		Debug|Any CPU = Debug|Any CPU
		Debug|ARM = Debug|ARM
		Debug|x64 = Debug|x64
		Debug|x86 = Debug|x86
		Release|Any CPU = Release|Any CPU
		Release|ARM = Release|ARM
		Release|x64 = Release|x64
		Release|x86 = Release|x86
	EndGlobalSection
	GlobalSection(ProjectConfigurationPlatforms) = postSolution
		{FC11D2B2-F184-45B7-A1AA-8D9B342FB0C5}.Debug|Any CPU.ActiveCfg = Debug|Any CPU
		{FC11D2B2-F184-45B7-A1AA-8D9B342FB0C5}.Debug|Any CPU.Build.0 = Debug|Any CPU
		{FC11D2B2-F184-45B7-A1AA-8D9B342FB0C5}.Debug|ARM.ActiveCfg = Debug|Any CPU
		{FC11D2B2-F184-45B7-A1AA-8D9B342FB0C5}.Debug|x64.ActiveCfg = Debug|Any CPU
		{FC11D2B2-F184-45B7-A1AA-8D9B342FB0C5}.Debug|x86.ActiveCfg = Debug|Any CPU
		{FC11D2B2-F184-45B7-A1AA-8D9B342FB0C5}.Release|Any CPU.ActiveCfg = Release|Any CPU
		{FC11D2B2-F184-45B7-A1AA-8D9B342FB0C5}.Release|Any CPU.Build.0 = Release|Any CPU
		{FC11D2B2-F184-45B7-A1AA-8D9B342FB0C5}.Release|ARM.ActiveCfg = Release|Any CPU
		{FC11D2B2-F184-45B7-A1AA-8D9B342FB0C5}.Release|x64.ActiveCfg = Release|Any CPU
		{FC11D2B2-F184-45B7-A1AA-8D9B342FB0C5}.Release|x86.ActiveCfg = Release|Any CPU
		{B23AD54E-C033-467D-AA83-C2EE3E95E3D7}.Debug|Any CPU.ActiveCfg = Debug|Any CPU
		{B23AD54E-C033-467D-AA83-C2EE3E95E3D7}.Debug|Any CPU.Build.0 = Debug|Any CPU
		{B23AD54E-C033-467D-AA83-C2EE3E95E3D7}.Debug|ARM.ActiveCfg = Debug|Any CPU
		{B23AD54E-C033-467D-AA83-C2EE3E95E3D7}.Debug|x64.ActiveCfg = Debug|Any CPU
		{B23AD54E-C033-467D-AA83-C2EE3E95E3D7}.Debug|x86.ActiveCfg = Debug|Any CPU
		{B23AD54E-C033-467D-AA83-C2EE3E95E3D7}.Release|Any CPU.ActiveCfg = Release|Any CPU
		{B23AD54E-C033-467D-AA83-C2EE3E95E3D7}.Release|Any CPU.Build.0 = Release|Any CPU
		{B23AD54E-C033-467D-AA83-C2EE3E95E3D7}.Release|ARM.ActiveCfg = Release|Any CPU
		{B23AD54E-C033-467D-AA83-C2EE3E95E3D7}.Release|x64.ActiveCfg = Release|Any CPU
		{B23AD54E-C033-467D-AA83-C2EE3E95E3D7}.Release|x86.ActiveCfg = Release|Any CPU
		{0F5AC44A-DF55-4717-8764-49FEDFD0A78B}.Debug|Any CPU.ActiveCfg = Debug|Any CPU
		{0F5AC44A-DF55-4717-8764-49FEDFD0A78B}.Debug|Any CPU.Build.0 = Debug|Any CPU
		{0F5AC44A-DF55-4717-8764-49FEDFD0A78B}.Debug|ARM.ActiveCfg = Debug|Any CPU
		{0F5AC44A-DF55-4717-8764-49FEDFD0A78B}.Debug|x64.ActiveCfg = Debug|Any CPU
		{0F5AC44A-DF55-4717-8764-49FEDFD0A78B}.Debug|x86.ActiveCfg = Debug|Any CPU
		{0F5AC44A-DF55-4717-8764-49FEDFD0A78B}.Release|Any CPU.ActiveCfg = Release|Any CPU
		{0F5AC44A-DF55-4717-8764-49FEDFD0A78B}.Release|Any CPU.Build.0 = Release|Any CPU
		{0F5AC44A-DF55-4717-8764-49FEDFD0A78B}.Release|ARM.ActiveCfg = Release|Any CPU
		{0F5AC44A-DF55-4717-8764-49FEDFD0A78B}.Release|x64.ActiveCfg = Release|Any CPU
		{0F5AC44A-DF55-4717-8764-49FEDFD0A78B}.Release|x86.ActiveCfg = Release|Any CPU
		{38BEC646-4C40-42AC-9CEE-13CD5DFFC1DF}.Debug|Any CPU.ActiveCfg = Debug|Any CPU
		{38BEC646-4C40-42AC-9CEE-13CD5DFFC1DF}.Debug|Any CPU.Build.0 = Debug|Any CPU
		{38BEC646-4C40-42AC-9CEE-13CD5DFFC1DF}.Debug|ARM.ActiveCfg = Debug|Any CPU
		{38BEC646-4C40-42AC-9CEE-13CD5DFFC1DF}.Debug|x64.ActiveCfg = Debug|Any CPU
		{38BEC646-4C40-42AC-9CEE-13CD5DFFC1DF}.Debug|x86.ActiveCfg = Debug|Any CPU
		{38BEC646-4C40-42AC-9CEE-13CD5DFFC1DF}.Release|Any CPU.ActiveCfg = Release|Any CPU
		{38BEC646-4C40-42AC-9CEE-13CD5DFFC1DF}.Release|Any CPU.Build.0 = Release|Any CPU
		{38BEC646-4C40-42AC-9CEE-13CD5DFFC1DF}.Release|ARM.ActiveCfg = Release|Any CPU
		{38BEC646-4C40-42AC-9CEE-13CD5DFFC1DF}.Release|x64.ActiveCfg = Release|Any CPU
		{38BEC646-4C40-42AC-9CEE-13CD5DFFC1DF}.Release|x86.ActiveCfg = Release|Any CPU
		{3F252735-A863-4E7A-A6BF-E86550B91445}.Debug|Any CPU.ActiveCfg = Debug|Any CPU
		{3F252735-A863-4E7A-A6BF-E86550B91445}.Debug|Any CPU.Build.0 = Debug|Any CPU
		{3F252735-A863-4E7A-A6BF-E86550B91445}.Debug|ARM.ActiveCfg = Debug|Any CPU
		{3F252735-A863-4E7A-A6BF-E86550B91445}.Debug|x64.ActiveCfg = Debug|Any CPU
		{3F252735-A863-4E7A-A6BF-E86550B91445}.Debug|x86.ActiveCfg = Debug|Any CPU
		{3F252735-A863-4E7A-A6BF-E86550B91445}.Release|Any CPU.ActiveCfg = Release|Any CPU
		{3F252735-A863-4E7A-A6BF-E86550B91445}.Release|Any CPU.Build.0 = Release|Any CPU
		{3F252735-A863-4E7A-A6BF-E86550B91445}.Release|ARM.ActiveCfg = Release|Any CPU
		{3F252735-A863-4E7A-A6BF-E86550B91445}.Release|x64.ActiveCfg = Release|Any CPU
		{3F252735-A863-4E7A-A6BF-E86550B91445}.Release|x86.ActiveCfg = Release|Any CPU
		{D6F76968-6939-4D1A-8DDC-887290C750BC}.Debug|Any CPU.ActiveCfg = Debug|Any CPU
		{D6F76968-6939-4D1A-8DDC-887290C750BC}.Debug|Any CPU.Build.0 = Debug|Any CPU
		{D6F76968-6939-4D1A-8DDC-887290C750BC}.Debug|ARM.ActiveCfg = Debug|Any CPU
		{D6F76968-6939-4D1A-8DDC-887290C750BC}.Debug|x64.ActiveCfg = Debug|Any CPU
		{D6F76968-6939-4D1A-8DDC-887290C750BC}.Debug|x86.ActiveCfg = Debug|Any CPU
		{D6F76968-6939-4D1A-8DDC-887290C750BC}.Release|Any CPU.ActiveCfg = Release|Any CPU
		{D6F76968-6939-4D1A-8DDC-887290C750BC}.Release|Any CPU.Build.0 = Release|Any CPU
		{D6F76968-6939-4D1A-8DDC-887290C750BC}.Release|ARM.ActiveCfg = Release|Any CPU
		{D6F76968-6939-4D1A-8DDC-887290C750BC}.Release|x64.ActiveCfg = Release|Any CPU
		{D6F76968-6939-4D1A-8DDC-887290C750BC}.Release|x86.ActiveCfg = Release|Any CPU
		{04F9C57E-7FA5-4B5E-9A46-76CE9CCB77A7}.Debug|Any CPU.ActiveCfg = Debug|Any CPU
		{04F9C57E-7FA5-4B5E-9A46-76CE9CCB77A7}.Debug|Any CPU.Build.0 = Debug|Any CPU
		{04F9C57E-7FA5-4B5E-9A46-76CE9CCB77A7}.Debug|ARM.ActiveCfg = Debug|Any CPU
		{04F9C57E-7FA5-4B5E-9A46-76CE9CCB77A7}.Debug|x64.ActiveCfg = Debug|Any CPU
		{04F9C57E-7FA5-4B5E-9A46-76CE9CCB77A7}.Debug|x86.ActiveCfg = Debug|Any CPU
		{04F9C57E-7FA5-4B5E-9A46-76CE9CCB77A7}.Release|Any CPU.ActiveCfg = Release|Any CPU
		{04F9C57E-7FA5-4B5E-9A46-76CE9CCB77A7}.Release|Any CPU.Build.0 = Release|Any CPU
		{04F9C57E-7FA5-4B5E-9A46-76CE9CCB77A7}.Release|ARM.ActiveCfg = Release|Any CPU
		{04F9C57E-7FA5-4B5E-9A46-76CE9CCB77A7}.Release|x64.ActiveCfg = Release|Any CPU
		{04F9C57E-7FA5-4B5E-9A46-76CE9CCB77A7}.Release|x86.ActiveCfg = Release|Any CPU
		{E35C5B59-5F30-4A62-B6C6-E9A2985AFF6E}.Debug|Any CPU.ActiveCfg = Debug|Any CPU
		{E35C5B59-5F30-4A62-B6C6-E9A2985AFF6E}.Debug|Any CPU.Build.0 = Debug|Any CPU
		{E35C5B59-5F30-4A62-B6C6-E9A2985AFF6E}.Debug|ARM.ActiveCfg = Debug|Any CPU
		{E35C5B59-5F30-4A62-B6C6-E9A2985AFF6E}.Debug|x64.ActiveCfg = Debug|Any CPU
		{E35C5B59-5F30-4A62-B6C6-E9A2985AFF6E}.Debug|x86.ActiveCfg = Debug|Any CPU
		{E35C5B59-5F30-4A62-B6C6-E9A2985AFF6E}.Release|Any CPU.ActiveCfg = Release|Any CPU
		{E35C5B59-5F30-4A62-B6C6-E9A2985AFF6E}.Release|Any CPU.Build.0 = Release|Any CPU
		{E35C5B59-5F30-4A62-B6C6-E9A2985AFF6E}.Release|ARM.ActiveCfg = Release|Any CPU
		{E35C5B59-5F30-4A62-B6C6-E9A2985AFF6E}.Release|x64.ActiveCfg = Release|Any CPU
		{E35C5B59-5F30-4A62-B6C6-E9A2985AFF6E}.Release|x86.ActiveCfg = Release|Any CPU
		{BB08240A-BB74-45FA-9E0A-95A6E88DD0B9}.Debug|Any CPU.ActiveCfg = Debug|Any CPU
		{BB08240A-BB74-45FA-9E0A-95A6E88DD0B9}.Debug|Any CPU.Build.0 = Debug|Any CPU
		{BB08240A-BB74-45FA-9E0A-95A6E88DD0B9}.Debug|ARM.ActiveCfg = Debug|Any CPU
		{BB08240A-BB74-45FA-9E0A-95A6E88DD0B9}.Debug|x64.ActiveCfg = Debug|Any CPU
		{BB08240A-BB74-45FA-9E0A-95A6E88DD0B9}.Debug|x86.ActiveCfg = Debug|Any CPU
		{BB08240A-BB74-45FA-9E0A-95A6E88DD0B9}.Release|Any CPU.ActiveCfg = Release|Any CPU
		{BB08240A-BB74-45FA-9E0A-95A6E88DD0B9}.Release|Any CPU.Build.0 = Release|Any CPU
		{BB08240A-BB74-45FA-9E0A-95A6E88DD0B9}.Release|ARM.ActiveCfg = Release|Any CPU
		{BB08240A-BB74-45FA-9E0A-95A6E88DD0B9}.Release|x64.ActiveCfg = Release|Any CPU
		{BB08240A-BB74-45FA-9E0A-95A6E88DD0B9}.Release|x86.ActiveCfg = Release|Any CPU
		{FF9E2B35-FA68-4B7F-97BA-A3BBF59BBBBF}.Debug|Any CPU.ActiveCfg = Debug|Any CPU
		{FF9E2B35-FA68-4B7F-97BA-A3BBF59BBBBF}.Debug|Any CPU.Build.0 = Debug|Any CPU
		{FF9E2B35-FA68-4B7F-97BA-A3BBF59BBBBF}.Debug|ARM.ActiveCfg = Debug|Any CPU
		{FF9E2B35-FA68-4B7F-97BA-A3BBF59BBBBF}.Debug|ARM.Build.0 = Debug|Any CPU
		{FF9E2B35-FA68-4B7F-97BA-A3BBF59BBBBF}.Debug|x64.ActiveCfg = Debug|Any CPU
		{FF9E2B35-FA68-4B7F-97BA-A3BBF59BBBBF}.Debug|x64.Build.0 = Debug|Any CPU
		{FF9E2B35-FA68-4B7F-97BA-A3BBF59BBBBF}.Debug|x86.ActiveCfg = Debug|Any CPU
		{FF9E2B35-FA68-4B7F-97BA-A3BBF59BBBBF}.Debug|x86.Build.0 = Debug|Any CPU
		{FF9E2B35-FA68-4B7F-97BA-A3BBF59BBBBF}.Release|Any CPU.ActiveCfg = Release|Any CPU
		{FF9E2B35-FA68-4B7F-97BA-A3BBF59BBBBF}.Release|Any CPU.Build.0 = Release|Any CPU
		{FF9E2B35-FA68-4B7F-97BA-A3BBF59BBBBF}.Release|ARM.ActiveCfg = Release|Any CPU
		{FF9E2B35-FA68-4B7F-97BA-A3BBF59BBBBF}.Release|ARM.Build.0 = Release|Any CPU
		{FF9E2B35-FA68-4B7F-97BA-A3BBF59BBBBF}.Release|x64.ActiveCfg = Release|Any CPU
		{FF9E2B35-FA68-4B7F-97BA-A3BBF59BBBBF}.Release|x64.Build.0 = Release|Any CPU
		{FF9E2B35-FA68-4B7F-97BA-A3BBF59BBBBF}.Release|x86.ActiveCfg = Release|Any CPU
		{FF9E2B35-FA68-4B7F-97BA-A3BBF59BBBBF}.Release|x86.Build.0 = Release|Any CPU
		{3490096F-B875-4706-8252-C8F2CE562CCB}.Debug|Any CPU.ActiveCfg = Debug|Any CPU
		{3490096F-B875-4706-8252-C8F2CE562CCB}.Debug|Any CPU.Build.0 = Debug|Any CPU
		{3490096F-B875-4706-8252-C8F2CE562CCB}.Debug|ARM.ActiveCfg = Debug|Any CPU
		{3490096F-B875-4706-8252-C8F2CE562CCB}.Debug|ARM.Build.0 = Debug|Any CPU
		{3490096F-B875-4706-8252-C8F2CE562CCB}.Debug|x64.ActiveCfg = Debug|Any CPU
		{3490096F-B875-4706-8252-C8F2CE562CCB}.Debug|x64.Build.0 = Debug|Any CPU
		{3490096F-B875-4706-8252-C8F2CE562CCB}.Debug|x86.ActiveCfg = Debug|Any CPU
		{3490096F-B875-4706-8252-C8F2CE562CCB}.Debug|x86.Build.0 = Debug|Any CPU
		{3490096F-B875-4706-8252-C8F2CE562CCB}.Release|Any CPU.ActiveCfg = Release|Any CPU
		{3490096F-B875-4706-8252-C8F2CE562CCB}.Release|Any CPU.Build.0 = Release|Any CPU
		{3490096F-B875-4706-8252-C8F2CE562CCB}.Release|ARM.ActiveCfg = Release|Any CPU
		{3490096F-B875-4706-8252-C8F2CE562CCB}.Release|ARM.Build.0 = Release|Any CPU
		{3490096F-B875-4706-8252-C8F2CE562CCB}.Release|x64.ActiveCfg = Release|Any CPU
		{3490096F-B875-4706-8252-C8F2CE562CCB}.Release|x64.Build.0 = Release|Any CPU
		{3490096F-B875-4706-8252-C8F2CE562CCB}.Release|x86.ActiveCfg = Release|Any CPU
		{3490096F-B875-4706-8252-C8F2CE562CCB}.Release|x86.Build.0 = Release|Any CPU
		{77D26B8B-ED5B-49E8-8EB4-D0ED6960F47A}.Debug|Any CPU.ActiveCfg = Debug|Any CPU
		{77D26B8B-ED5B-49E8-8EB4-D0ED6960F47A}.Debug|Any CPU.Build.0 = Debug|Any CPU
		{77D26B8B-ED5B-49E8-8EB4-D0ED6960F47A}.Debug|ARM.ActiveCfg = Debug|Any CPU
		{77D26B8B-ED5B-49E8-8EB4-D0ED6960F47A}.Debug|ARM.Build.0 = Debug|Any CPU
		{77D26B8B-ED5B-49E8-8EB4-D0ED6960F47A}.Debug|x64.ActiveCfg = Debug|Any CPU
		{77D26B8B-ED5B-49E8-8EB4-D0ED6960F47A}.Debug|x64.Build.0 = Debug|Any CPU
		{77D26B8B-ED5B-49E8-8EB4-D0ED6960F47A}.Debug|x86.ActiveCfg = Debug|Any CPU
		{77D26B8B-ED5B-49E8-8EB4-D0ED6960F47A}.Debug|x86.Build.0 = Debug|Any CPU
		{77D26B8B-ED5B-49E8-8EB4-D0ED6960F47A}.Release|Any CPU.ActiveCfg = Release|Any CPU
		{77D26B8B-ED5B-49E8-8EB4-D0ED6960F47A}.Release|Any CPU.Build.0 = Release|Any CPU
		{77D26B8B-ED5B-49E8-8EB4-D0ED6960F47A}.Release|ARM.ActiveCfg = Release|Any CPU
		{77D26B8B-ED5B-49E8-8EB4-D0ED6960F47A}.Release|ARM.Build.0 = Release|Any CPU
		{77D26B8B-ED5B-49E8-8EB4-D0ED6960F47A}.Release|x64.ActiveCfg = Release|Any CPU
		{77D26B8B-ED5B-49E8-8EB4-D0ED6960F47A}.Release|x64.Build.0 = Release|Any CPU
		{77D26B8B-ED5B-49E8-8EB4-D0ED6960F47A}.Release|x86.ActiveCfg = Release|Any CPU
		{77D26B8B-ED5B-49E8-8EB4-D0ED6960F47A}.Release|x86.Build.0 = Release|Any CPU
		{873B6A16-5A02-4B49-8648-65E4DF86E177}.Debug|Any CPU.ActiveCfg = Debug|Any CPU
		{873B6A16-5A02-4B49-8648-65E4DF86E177}.Debug|Any CPU.Build.0 = Debug|Any CPU
		{873B6A16-5A02-4B49-8648-65E4DF86E177}.Debug|ARM.ActiveCfg = Debug|Any CPU
		{873B6A16-5A02-4B49-8648-65E4DF86E177}.Debug|ARM.Build.0 = Debug|Any CPU
		{873B6A16-5A02-4B49-8648-65E4DF86E177}.Debug|x64.ActiveCfg = Debug|Any CPU
		{873B6A16-5A02-4B49-8648-65E4DF86E177}.Debug|x64.Build.0 = Debug|Any CPU
		{873B6A16-5A02-4B49-8648-65E4DF86E177}.Debug|x86.ActiveCfg = Debug|Any CPU
		{873B6A16-5A02-4B49-8648-65E4DF86E177}.Debug|x86.Build.0 = Debug|Any CPU
		{873B6A16-5A02-4B49-8648-65E4DF86E177}.Release|Any CPU.ActiveCfg = Release|Any CPU
		{873B6A16-5A02-4B49-8648-65E4DF86E177}.Release|Any CPU.Build.0 = Release|Any CPU
		{873B6A16-5A02-4B49-8648-65E4DF86E177}.Release|ARM.ActiveCfg = Release|Any CPU
		{873B6A16-5A02-4B49-8648-65E4DF86E177}.Release|ARM.Build.0 = Release|Any CPU
		{873B6A16-5A02-4B49-8648-65E4DF86E177}.Release|x64.ActiveCfg = Release|Any CPU
		{873B6A16-5A02-4B49-8648-65E4DF86E177}.Release|x64.Build.0 = Release|Any CPU
		{873B6A16-5A02-4B49-8648-65E4DF86E177}.Release|x86.ActiveCfg = Release|Any CPU
		{873B6A16-5A02-4B49-8648-65E4DF86E177}.Release|x86.Build.0 = Release|Any CPU
		{3E34A042-4455-4C08-9008-AB6E35E75AC7}.Debug|Any CPU.ActiveCfg = Debug|Any CPU
		{3E34A042-4455-4C08-9008-AB6E35E75AC7}.Debug|Any CPU.Build.0 = Debug|Any CPU
		{3E34A042-4455-4C08-9008-AB6E35E75AC7}.Debug|ARM.ActiveCfg = Debug|Any CPU
		{3E34A042-4455-4C08-9008-AB6E35E75AC7}.Debug|ARM.Build.0 = Debug|Any CPU
		{3E34A042-4455-4C08-9008-AB6E35E75AC7}.Debug|x64.ActiveCfg = Debug|Any CPU
		{3E34A042-4455-4C08-9008-AB6E35E75AC7}.Debug|x64.Build.0 = Debug|Any CPU
		{3E34A042-4455-4C08-9008-AB6E35E75AC7}.Debug|x86.ActiveCfg = Debug|Any CPU
		{3E34A042-4455-4C08-9008-AB6E35E75AC7}.Debug|x86.Build.0 = Debug|Any CPU
		{3E34A042-4455-4C08-9008-AB6E35E75AC7}.Release|Any CPU.ActiveCfg = Release|Any CPU
		{3E34A042-4455-4C08-9008-AB6E35E75AC7}.Release|Any CPU.Build.0 = Release|Any CPU
		{3E34A042-4455-4C08-9008-AB6E35E75AC7}.Release|ARM.ActiveCfg = Release|Any CPU
		{3E34A042-4455-4C08-9008-AB6E35E75AC7}.Release|ARM.Build.0 = Release|Any CPU
		{3E34A042-4455-4C08-9008-AB6E35E75AC7}.Release|x64.ActiveCfg = Release|Any CPU
		{3E34A042-4455-4C08-9008-AB6E35E75AC7}.Release|x64.Build.0 = Release|Any CPU
		{3E34A042-4455-4C08-9008-AB6E35E75AC7}.Release|x86.ActiveCfg = Release|Any CPU
		{3E34A042-4455-4C08-9008-AB6E35E75AC7}.Release|x86.Build.0 = Release|Any CPU
		{C737C979-BA05-4EE7-B96B-0C1CC1A84551}.Debug|Any CPU.ActiveCfg = Debug|Any CPU
		{C737C979-BA05-4EE7-B96B-0C1CC1A84551}.Debug|Any CPU.Build.0 = Debug|Any CPU
		{C737C979-BA05-4EE7-B96B-0C1CC1A84551}.Debug|ARM.ActiveCfg = Debug|Any CPU
		{C737C979-BA05-4EE7-B96B-0C1CC1A84551}.Debug|ARM.Build.0 = Debug|Any CPU
		{C737C979-BA05-4EE7-B96B-0C1CC1A84551}.Debug|x64.ActiveCfg = Debug|Any CPU
		{C737C979-BA05-4EE7-B96B-0C1CC1A84551}.Debug|x64.Build.0 = Debug|Any CPU
		{C737C979-BA05-4EE7-B96B-0C1CC1A84551}.Debug|x86.ActiveCfg = Debug|Any CPU
		{C737C979-BA05-4EE7-B96B-0C1CC1A84551}.Debug|x86.Build.0 = Debug|Any CPU
		{C737C979-BA05-4EE7-B96B-0C1CC1A84551}.Release|Any CPU.ActiveCfg = Release|Any CPU
		{C737C979-BA05-4EE7-B96B-0C1CC1A84551}.Release|Any CPU.Build.0 = Release|Any CPU
		{C737C979-BA05-4EE7-B96B-0C1CC1A84551}.Release|ARM.ActiveCfg = Release|Any CPU
		{C737C979-BA05-4EE7-B96B-0C1CC1A84551}.Release|ARM.Build.0 = Release|Any CPU
		{C737C979-BA05-4EE7-B96B-0C1CC1A84551}.Release|x64.ActiveCfg = Release|Any CPU
		{C737C979-BA05-4EE7-B96B-0C1CC1A84551}.Release|x64.Build.0 = Release|Any CPU
		{C737C979-BA05-4EE7-B96B-0C1CC1A84551}.Release|x86.ActiveCfg = Release|Any CPU
		{C737C979-BA05-4EE7-B96B-0C1CC1A84551}.Release|x86.Build.0 = Release|Any CPU
		{7F911AE5-B4F7-4997-8952-8F1EC0CD7956}.Debug|Any CPU.ActiveCfg = Debug|Any CPU
		{7F911AE5-B4F7-4997-8952-8F1EC0CD7956}.Debug|Any CPU.Build.0 = Debug|Any CPU
		{7F911AE5-B4F7-4997-8952-8F1EC0CD7956}.Debug|ARM.ActiveCfg = Debug|Any CPU
		{7F911AE5-B4F7-4997-8952-8F1EC0CD7956}.Debug|ARM.Build.0 = Debug|Any CPU
		{7F911AE5-B4F7-4997-8952-8F1EC0CD7956}.Debug|x64.ActiveCfg = Debug|Any CPU
		{7F911AE5-B4F7-4997-8952-8F1EC0CD7956}.Debug|x64.Build.0 = Debug|Any CPU
		{7F911AE5-B4F7-4997-8952-8F1EC0CD7956}.Debug|x86.ActiveCfg = Debug|Any CPU
		{7F911AE5-B4F7-4997-8952-8F1EC0CD7956}.Debug|x86.Build.0 = Debug|Any CPU
		{7F911AE5-B4F7-4997-8952-8F1EC0CD7956}.Release|Any CPU.ActiveCfg = Release|Any CPU
		{7F911AE5-B4F7-4997-8952-8F1EC0CD7956}.Release|Any CPU.Build.0 = Release|Any CPU
		{7F911AE5-B4F7-4997-8952-8F1EC0CD7956}.Release|ARM.ActiveCfg = Release|Any CPU
		{7F911AE5-B4F7-4997-8952-8F1EC0CD7956}.Release|ARM.Build.0 = Release|Any CPU
		{7F911AE5-B4F7-4997-8952-8F1EC0CD7956}.Release|x64.ActiveCfg = Release|Any CPU
		{7F911AE5-B4F7-4997-8952-8F1EC0CD7956}.Release|x64.Build.0 = Release|Any CPU
		{7F911AE5-B4F7-4997-8952-8F1EC0CD7956}.Release|x86.ActiveCfg = Release|Any CPU
		{7F911AE5-B4F7-4997-8952-8F1EC0CD7956}.Release|x86.Build.0 = Release|Any CPU
		{AD1660E2-E431-4FF4-B59E-02EBB34DDFC5}.Debug|Any CPU.ActiveCfg = Debug|Any CPU
		{AD1660E2-E431-4FF4-B59E-02EBB34DDFC5}.Debug|Any CPU.Build.0 = Debug|Any CPU
		{AD1660E2-E431-4FF4-B59E-02EBB34DDFC5}.Debug|ARM.ActiveCfg = Debug|Any CPU
		{AD1660E2-E431-4FF4-B59E-02EBB34DDFC5}.Debug|ARM.Build.0 = Debug|Any CPU
		{AD1660E2-E431-4FF4-B59E-02EBB34DDFC5}.Debug|x64.ActiveCfg = Debug|Any CPU
		{AD1660E2-E431-4FF4-B59E-02EBB34DDFC5}.Debug|x64.Build.0 = Debug|Any CPU
		{AD1660E2-E431-4FF4-B59E-02EBB34DDFC5}.Debug|x86.ActiveCfg = Debug|Any CPU
		{AD1660E2-E431-4FF4-B59E-02EBB34DDFC5}.Debug|x86.Build.0 = Debug|Any CPU
		{AD1660E2-E431-4FF4-B59E-02EBB34DDFC5}.Release|Any CPU.ActiveCfg = Release|Any CPU
		{AD1660E2-E431-4FF4-B59E-02EBB34DDFC5}.Release|Any CPU.Build.0 = Release|Any CPU
		{AD1660E2-E431-4FF4-B59E-02EBB34DDFC5}.Release|ARM.ActiveCfg = Release|Any CPU
		{AD1660E2-E431-4FF4-B59E-02EBB34DDFC5}.Release|ARM.Build.0 = Release|Any CPU
		{AD1660E2-E431-4FF4-B59E-02EBB34DDFC5}.Release|x64.ActiveCfg = Release|Any CPU
		{AD1660E2-E431-4FF4-B59E-02EBB34DDFC5}.Release|x64.Build.0 = Release|Any CPU
		{AD1660E2-E431-4FF4-B59E-02EBB34DDFC5}.Release|x86.ActiveCfg = Release|Any CPU
		{AD1660E2-E431-4FF4-B59E-02EBB34DDFC5}.Release|x86.Build.0 = Release|Any CPU
		{E2DE5FA1-1883-474F-8D11-BCAE98BE5CDF}.Debug|Any CPU.ActiveCfg = Debug|Any CPU
		{E2DE5FA1-1883-474F-8D11-BCAE98BE5CDF}.Debug|Any CPU.Build.0 = Debug|Any CPU
		{E2DE5FA1-1883-474F-8D11-BCAE98BE5CDF}.Debug|ARM.ActiveCfg = Debug|Any CPU
		{E2DE5FA1-1883-474F-8D11-BCAE98BE5CDF}.Debug|ARM.Build.0 = Debug|Any CPU
		{E2DE5FA1-1883-474F-8D11-BCAE98BE5CDF}.Debug|x64.ActiveCfg = Debug|Any CPU
		{E2DE5FA1-1883-474F-8D11-BCAE98BE5CDF}.Debug|x64.Build.0 = Debug|Any CPU
		{E2DE5FA1-1883-474F-8D11-BCAE98BE5CDF}.Debug|x86.ActiveCfg = Debug|Any CPU
		{E2DE5FA1-1883-474F-8D11-BCAE98BE5CDF}.Debug|x86.Build.0 = Debug|Any CPU
		{E2DE5FA1-1883-474F-8D11-BCAE98BE5CDF}.Release|Any CPU.ActiveCfg = Release|Any CPU
		{E2DE5FA1-1883-474F-8D11-BCAE98BE5CDF}.Release|Any CPU.Build.0 = Release|Any CPU
		{E2DE5FA1-1883-474F-8D11-BCAE98BE5CDF}.Release|ARM.ActiveCfg = Release|Any CPU
		{E2DE5FA1-1883-474F-8D11-BCAE98BE5CDF}.Release|ARM.Build.0 = Release|Any CPU
		{E2DE5FA1-1883-474F-8D11-BCAE98BE5CDF}.Release|x64.ActiveCfg = Release|Any CPU
		{E2DE5FA1-1883-474F-8D11-BCAE98BE5CDF}.Release|x64.Build.0 = Release|Any CPU
		{E2DE5FA1-1883-474F-8D11-BCAE98BE5CDF}.Release|x86.ActiveCfg = Release|Any CPU
		{E2DE5FA1-1883-474F-8D11-BCAE98BE5CDF}.Release|x86.Build.0 = Release|Any CPU
		{4090FA83-1AFD-42D0-A4CB-BF7861D846E0}.Debug|Any CPU.ActiveCfg = Debug|Any CPU
		{4090FA83-1AFD-42D0-A4CB-BF7861D846E0}.Debug|Any CPU.Build.0 = Debug|Any CPU
		{4090FA83-1AFD-42D0-A4CB-BF7861D846E0}.Debug|ARM.ActiveCfg = Debug|Any CPU
		{4090FA83-1AFD-42D0-A4CB-BF7861D846E0}.Debug|ARM.Build.0 = Debug|Any CPU
		{4090FA83-1AFD-42D0-A4CB-BF7861D846E0}.Debug|x64.ActiveCfg = Debug|Any CPU
		{4090FA83-1AFD-42D0-A4CB-BF7861D846E0}.Debug|x64.Build.0 = Debug|Any CPU
		{4090FA83-1AFD-42D0-A4CB-BF7861D846E0}.Debug|x86.ActiveCfg = Debug|Any CPU
		{4090FA83-1AFD-42D0-A4CB-BF7861D846E0}.Debug|x86.Build.0 = Debug|Any CPU
		{4090FA83-1AFD-42D0-A4CB-BF7861D846E0}.Release|Any CPU.ActiveCfg = Release|Any CPU
		{4090FA83-1AFD-42D0-A4CB-BF7861D846E0}.Release|Any CPU.Build.0 = Release|Any CPU
		{4090FA83-1AFD-42D0-A4CB-BF7861D846E0}.Release|ARM.ActiveCfg = Release|Any CPU
		{4090FA83-1AFD-42D0-A4CB-BF7861D846E0}.Release|ARM.Build.0 = Release|Any CPU
		{4090FA83-1AFD-42D0-A4CB-BF7861D846E0}.Release|x64.ActiveCfg = Release|Any CPU
		{4090FA83-1AFD-42D0-A4CB-BF7861D846E0}.Release|x64.Build.0 = Release|Any CPU
		{4090FA83-1AFD-42D0-A4CB-BF7861D846E0}.Release|x86.ActiveCfg = Release|Any CPU
		{4090FA83-1AFD-42D0-A4CB-BF7861D846E0}.Release|x86.Build.0 = Release|Any CPU
		{2382EA97-3681-4AB2-88DE-25A1E5B69B4D}.Debug|Any CPU.ActiveCfg = Debug|Any CPU
		{2382EA97-3681-4AB2-88DE-25A1E5B69B4D}.Debug|Any CPU.Build.0 = Debug|Any CPU
		{2382EA97-3681-4AB2-88DE-25A1E5B69B4D}.Debug|ARM.ActiveCfg = Debug|Any CPU
		{2382EA97-3681-4AB2-88DE-25A1E5B69B4D}.Debug|ARM.Build.0 = Debug|Any CPU
		{2382EA97-3681-4AB2-88DE-25A1E5B69B4D}.Debug|x64.ActiveCfg = Debug|Any CPU
		{2382EA97-3681-4AB2-88DE-25A1E5B69B4D}.Debug|x64.Build.0 = Debug|Any CPU
		{2382EA97-3681-4AB2-88DE-25A1E5B69B4D}.Debug|x86.ActiveCfg = Debug|Any CPU
		{2382EA97-3681-4AB2-88DE-25A1E5B69B4D}.Debug|x86.Build.0 = Debug|Any CPU
		{2382EA97-3681-4AB2-88DE-25A1E5B69B4D}.Release|Any CPU.ActiveCfg = Release|Any CPU
		{2382EA97-3681-4AB2-88DE-25A1E5B69B4D}.Release|Any CPU.Build.0 = Release|Any CPU
		{2382EA97-3681-4AB2-88DE-25A1E5B69B4D}.Release|ARM.ActiveCfg = Release|Any CPU
		{2382EA97-3681-4AB2-88DE-25A1E5B69B4D}.Release|ARM.Build.0 = Release|Any CPU
		{2382EA97-3681-4AB2-88DE-25A1E5B69B4D}.Release|x64.ActiveCfg = Release|Any CPU
		{2382EA97-3681-4AB2-88DE-25A1E5B69B4D}.Release|x64.Build.0 = Release|Any CPU
		{2382EA97-3681-4AB2-88DE-25A1E5B69B4D}.Release|x86.ActiveCfg = Release|Any CPU
		{2382EA97-3681-4AB2-88DE-25A1E5B69B4D}.Release|x86.Build.0 = Release|Any CPU
		{6D236BBD-0FF7-46F6-8284-DDA41C3EB2BD}.Debug|Any CPU.ActiveCfg = Debug|Any CPU
		{6D236BBD-0FF7-46F6-8284-DDA41C3EB2BD}.Debug|Any CPU.Build.0 = Debug|Any CPU
		{6D236BBD-0FF7-46F6-8284-DDA41C3EB2BD}.Debug|ARM.ActiveCfg = Debug|Any CPU
		{6D236BBD-0FF7-46F6-8284-DDA41C3EB2BD}.Debug|ARM.Build.0 = Debug|Any CPU
		{6D236BBD-0FF7-46F6-8284-DDA41C3EB2BD}.Debug|x64.ActiveCfg = Debug|Any CPU
		{6D236BBD-0FF7-46F6-8284-DDA41C3EB2BD}.Debug|x64.Build.0 = Debug|Any CPU
		{6D236BBD-0FF7-46F6-8284-DDA41C3EB2BD}.Debug|x86.ActiveCfg = Debug|Any CPU
		{6D236BBD-0FF7-46F6-8284-DDA41C3EB2BD}.Debug|x86.Build.0 = Debug|Any CPU
		{6D236BBD-0FF7-46F6-8284-DDA41C3EB2BD}.Release|Any CPU.ActiveCfg = Release|Any CPU
		{6D236BBD-0FF7-46F6-8284-DDA41C3EB2BD}.Release|Any CPU.Build.0 = Release|Any CPU
		{6D236BBD-0FF7-46F6-8284-DDA41C3EB2BD}.Release|ARM.ActiveCfg = Release|Any CPU
		{6D236BBD-0FF7-46F6-8284-DDA41C3EB2BD}.Release|ARM.Build.0 = Release|Any CPU
		{6D236BBD-0FF7-46F6-8284-DDA41C3EB2BD}.Release|x64.ActiveCfg = Release|Any CPU
		{6D236BBD-0FF7-46F6-8284-DDA41C3EB2BD}.Release|x64.Build.0 = Release|Any CPU
		{6D236BBD-0FF7-46F6-8284-DDA41C3EB2BD}.Release|x86.ActiveCfg = Release|Any CPU
		{6D236BBD-0FF7-46F6-8284-DDA41C3EB2BD}.Release|x86.Build.0 = Release|Any CPU
	EndGlobalSection
	GlobalSection(SolutionProperties) = preSolution
		HideSolutionNode = FALSE
	EndGlobalSection
	GlobalSection(NestedProjects) = preSolution
		{FC11D2B2-F184-45B7-A1AA-8D9B342FB0C5} = {7956F0CB-3CBB-440D-BF6D-B51241F5FCFC}
		{B23AD54E-C033-467D-AA83-C2EE3E95E3D7} = {6F4DFE74-3279-48D5-932F-1C45838FF6D1}
		{0F5AC44A-DF55-4717-8764-49FEDFD0A78B} = {6F4DFE74-3279-48D5-932F-1C45838FF6D1}
		{38BEC646-4C40-42AC-9CEE-13CD5DFFC1DF} = {2951F41A-0D2A-4AA2-803B-90C3F52C2CC1}
		{3F252735-A863-4E7A-A6BF-E86550B91445} = {7D3290FB-B573-461B-B993-C9EDD9A61040}
		{D6F76968-6939-4D1A-8DDC-887290C750BC} = {D4263D47-4DA6-459A-95C9-7DFE07AD1767}
		{04F9C57E-7FA5-4B5E-9A46-76CE9CCB77A7} = {4D9025D1-B086-4B02-A6E3-D6A0C2DE8820}
		{E35C5B59-5F30-4A62-B6C6-E9A2985AFF6E} = {DB34FCF0-1676-4A11-A6D0-1BC360C8FF5E}
		{BB08240A-BB74-45FA-9E0A-95A6E88DD0B9} = {AB59D820-5948-408E-AC6F-F4722E89FBC2}
		{FF9E2B35-FA68-4B7F-97BA-A3BBF59BBBBF} = {7956F0CB-3CBB-440D-BF6D-B51241F5FCFC}
		{3490096F-B875-4706-8252-C8F2CE562CCB} = {76E9F3FB-8B03-4A54-A9C4-66A8C3AA087F}
		{77D26B8B-ED5B-49E8-8EB4-D0ED6960F47A} = {DB34FCF0-1676-4A11-A6D0-1BC360C8FF5E}
		{873B6A16-5A02-4B49-8648-65E4DF86E177} = {6F4DFE74-3279-48D5-932F-1C45838FF6D1}
		{3E34A042-4455-4C08-9008-AB6E35E75AC7} = {DB34FCF0-1676-4A11-A6D0-1BC360C8FF5E}
		{C737C979-BA05-4EE7-B96B-0C1CC1A84551} = {DB34FCF0-1676-4A11-A6D0-1BC360C8FF5E}
		{7F911AE5-B4F7-4997-8952-8F1EC0CD7956} = {DB34FCF0-1676-4A11-A6D0-1BC360C8FF5E}
		{AD1660E2-E431-4FF4-B59E-02EBB34DDFC5} = {D4263D47-4DA6-459A-95C9-7DFE07AD1767}
		{E2DE5FA1-1883-474F-8D11-BCAE98BE5CDF} = {DB34FCF0-1676-4A11-A6D0-1BC360C8FF5E}
		{4090FA83-1AFD-42D0-A4CB-BF7861D846E0} = {F17B6883-0ADE-41B0-B38A-C01B6CAABC2A}
		{2382EA97-3681-4AB2-88DE-25A1E5B69B4D} = {6F4DFE74-3279-48D5-932F-1C45838FF6D1}
		{6D236BBD-0FF7-46F6-8284-DDA41C3EB2BD} = {D4263D47-4DA6-459A-95C9-7DFE07AD1767}
	EndGlobalSection
	GlobalSection(TeamFoundationVersionControl) = preSolution
		SccNumberOfProjects = 22
		SccEnterpriseProvider = {4CA58AB2-18FA-4F8D-95D4-32DDF27D184C}
		SccTeamFoundationServer = https://nforwood.visualstudio.com/
		SccLocalPath0 = .
		SccProjectUniqueName1 = iRadiate.Desktop.Common\\iRadiate.Desktop.Common.csproj
		SccProjectTopLevelParentUniqueName1 = iRadiate.sln
		SccProjectName1 = iRadiate.Desktop.Common
		SccLocalPath1 = iRadiate.Desktop.Common
		SccProjectUniqueName2 = iRadiate.Desktop.Test\\iRadiate.Desktop.Test.csproj
		SccProjectTopLevelParentUniqueName2 = iRadiate.sln
		SccProjectName2 = iRadiate.Desktop.Test
		SccLocalPath2 = iRadiate.Desktop.Test
		SccProjectUniqueName3 = iRadiate.Settings.Common\\iRadiate.Settings.Common.csproj
		SccProjectTopLevelParentUniqueName3 = iRadiate.sln
		SccProjectName3 = iRadiate.Settings.Common
		SccLocalPath3 = iRadiate.Settings.Common
		SccProjectUniqueName4 = iRadiate.Whiteboard.Common\\iRadiate.Whiteboard.Common.csproj
		SccProjectTopLevelParentUniqueName4 = iRadiate.sln
		SccProjectName4 = iRadiate.Whiteboard.Common
		SccLocalPath4 = iRadiate.Whiteboard.Common
		SccProjectUniqueName5 = iRadiate.Common\\iRadiate.Common.csproj
		SccProjectTopLevelParentUniqueName5 = iRadiate.sln
		SccProjectName5 = iRadiate.Common
		SccLocalPath5 = iRadiate.Common
		SccProjectUniqueName6 = iRadiate.Diary.Common\\iRadiate.Diary.Common.csproj
		SccProjectTopLevelParentUniqueName6 = iRadiate.sln
		SccProjectName6 = iRadiate.Diary.Common
		SccLocalPath6 = iRadiate.Diary.Common
		SccProjectUniqueName7 = iRadiate.Scanbag.Common\\iRadiate.Scanbag.Common.csproj
		SccProjectTopLevelParentUniqueName7 = iRadiate.sln
		SccProjectName7 = iRadiate.Scanbag.Common
		SccLocalPath7 = iRadiate.Scanbag.Common
		SccProjectUniqueName8 = iRadiate.DataMode.Common\\iRadiate.DataModel.csproj
		SccProjectTopLevelParentUniqueName8 = iRadiate.sln
		SccProjectName8 = iRadiate.DataMode.Common
		SccLocalPath8 = iRadiate.DataMode.Common
		SccProjectUniqueName9 = iRadiate.DataModel.Test\\iRadiate.DataModel.Test.csproj
		SccProjectTopLevelParentUniqueName9 = iRadiate.sln
		SccProjectName9 = iRadiate.DataModel.Test
		SccLocalPath9 = iRadiate.DataModel.Test
		SccProjectUniqueName10 = iRadiate.Radiopharmacy\\iRadiate.Radiopharmacy.csproj
		SccProjectTopLevelParentUniqueName10 = iRadiate.sln
		SccProjectName10 = iRadiate.Radiopharmacy
		SccLocalPath10 = iRadiate.Radiopharmacy
		SccProjectUniqueName11 = iRadiate.Interfaces.Capintec\\iRadiate.Interfaces.Capintec.csproj
		SccProjectTopLevelParentUniqueName11 = iRadiate.sln
		SccProjectName11 = iRadiate.Interfaces.Capintec
		SccLocalPath11 = iRadiate.Interfaces.Capintec
		SccProjectUniqueName12 = CentricityInterface\\iRadiate.Interfaces.CentricityInterface.csproj
		SccProjectTopLevelParentUniqueName12 = iRadiate.sln
		SccProjectName12 = CentricityInterface
		SccLocalPath12 = CentricityInterface
		SccProjectUniqueName13 = iRadiate.Interfaces.Test\\iRadiate.Interfaces.Launcher.csproj
		SccProjectTopLevelParentUniqueName13 = iRadiate.sln
		SccProjectName13 = iRadiate.Interfaces.Test
		SccLocalPath13 = iRadiate.Interfaces.Test
		SccProjectUniqueName14 = iRadiate.Interfaces.DICOM\\iRadiate.Interfaces.DICOM.csproj
		SccProjectTopLevelParentUniqueName14 = iRadiate.sln
		SccProjectName14 = iRadiate.Interfaces.DICOM
		SccLocalPath14 = iRadiate.Interfaces.DICOM
		SccProjectUniqueName15 = DicomTest\\DicomTest.csproj
		SccProjectTopLevelParentUniqueName15 = iRadiate.sln
		SccProjectName15 = DicomTest
		SccLocalPath15 = DicomTest
		SccProjectUniqueName16 = iRadiate.Common.Text\\iRadiate.Common.Text.csproj
		SccProjectTopLevelParentUniqueName16 = iRadiate.sln
		SccProjectName16 = iRadiate.Common.Text
		SccLocalPath16 = iRadiate.Common.Text
		SccProjectUniqueName17 = CentricityQuery\\CentricityQuery.csproj
		SccProjectTopLevelParentUniqueName17 = iRadiate.sln
		SccProjectName17 = CentricityQuery
		SccLocalPath17 = CentricityQuery
		SccProjectUniqueName18 = iRadiate.QA\\iRadiate.QA.csproj
		SccProjectTopLevelParentUniqueName18 = iRadiate.sln
		SccProjectName18 = iRadiate.QA
		SccLocalPath18 = iRadiate.QA
		SccProjectUniqueName19 = iRadiate.Reporting\\Reporting.csproj
		SccProjectTopLevelParentUniqueName19 = iRadiate.sln
		SccProjectName19 = iRadiate.Reporting
		SccLocalPath19 = iRadiate.Reporting
		SccProjectUniqueName20 = Server\\Server.csproj
		SccProjectTopLevelParentUniqueName20 = iRadiate.sln
		SccProjectName20 = Server
		SccLocalPath20 = Server
		SccProjectUniqueName21 = iRadiate.Startup\\iRadiate.csproj
		SccProjectTopLevelParentUniqueName21 = iRadiate.sln
		SccProjectName21 = iRadiate.Startup
		SccLocalPath21 = iRadiate.Startup
	EndGlobalSection
EndGlobal
